// !$*UTF8*$!
{
	archiveVersion = 1;
	classes = {
	};
	objectVersion = 46;
	objects = {

/* Begin PBXBuildFile section */
		181129BE1C7B365400F50FED /* AppDelegate.swift in Sources */ = {isa = PBXBuildFile; fileRef = 181129BD1C7B365400F50FED /* AppDelegate.swift */; };
		181129C51C7B365400F50FED /* App.xcassets in Resources */ = {isa = PBXBuildFile; fileRef = 181129C41C7B365400F50FED /* App.xcassets */; };
		181129C81C7B365400F50FED /* LaunchScreen.storyboard in Resources */ = {isa = PBXBuildFile; fileRef = 181129C61C7B365400F50FED /* LaunchScreen.storyboard */; };
		181129D81C7B38FC00F50FED /* MakeFaceController.swift in Sources */ = {isa = PBXBuildFile; fileRef = 181129D71C7B38FC00F50FED /* MakeFaceController.swift */; };
		E09D456634D5904FCC75E8D7 /* Pods_DearFace.framework in Frameworks */ = {isa = PBXBuildFile; fileRef = 74DD3A3143145BF26DA726A6 /* Pods_DearFace.framework */; };
		E5180C951D81BD41009AB393 /* CGSize.swift in Sources */ = {isa = PBXBuildFile; fileRef = E5180C941D81BD41009AB393 /* CGSize.swift */; };
		E555B4AE1D82E62800380C36 /* ImageSelectController.swift in Sources */ = {isa = PBXBuildFile; fileRef = E555B4AD1D82E62800380C36 /* ImageSelectController.swift */; };
		E555B4B01D82E7FE00380C36 /* ImageSelectCell.swift in Sources */ = {isa = PBXBuildFile; fileRef = E555B4AF1D82E7FE00380C36 /* ImageSelectCell.swift */; };
		E555B4B41D82EFEA00380C36 /* PHFetchResult.swift in Sources */ = {isa = PBXBuildFile; fileRef = E555B4B31D82EFEA00380C36 /* PHFetchResult.swift */; };
		E555B4B61D83DE0B00380C36 /* MakeFaceUIConfig.swift in Sources */ = {isa = PBXBuildFile; fileRef = E555B4B51D83DE0B00380C36 /* MakeFaceUIConfig.swift */; };
		E555B4BB1D83EF9700380C36 /* MakeFaceLayout.swift in Sources */ = {isa = PBXBuildFile; fileRef = E555B4BA1D83EF9700380C36 /* MakeFaceLayout.swift */; };
		E571B4681D85343400A2AEB1 /* UIFont.swift in Sources */ = {isa = PBXBuildFile; fileRef = E571B4671D85343400A2AEB1 /* UIFont.swift */; };
		E571B46B1D8534D600A2AEB1 /* UIColor.swift in Sources */ = {isa = PBXBuildFile; fileRef = E571B46A1D8534D600A2AEB1 /* UIColor.swift */; };
		E571B46E1D865DF700A2AEB1 /* ObserverKey.swift in Sources */ = {isa = PBXBuildFile; fileRef = E571B46D1D865DF700A2AEB1 /* ObserverKey.swift */; };
		E571B4711D867E0900A2AEB1 /* ConfigUIConfig.swift in Sources */ = {isa = PBXBuildFile; fileRef = E571B4701D867E0900A2AEB1 /* ConfigUIConfig.swift */; };
		E5DA3FED1D768C560071B22E /* Const.swift in Sources */ = {isa = PBXBuildFile; fileRef = E5DA3FEC1D768C560071B22E /* Const.swift */; };
		E5DA3FF61D76A3500071B22E /* Photos.framework in Frameworks */ = {isa = PBXBuildFile; fileRef = E5DA3FF51D76A3500071B22E /* Photos.framework */; };
		E5DA3FFA1D76A6A00071B22E /* ImagePickerController.swift in Sources */ = {isa = PBXBuildFile; fileRef = E5DA3FF91D76A6A00071B22E /* ImagePickerController.swift */; };
		E5DA3FFC1D76AA5D0071B22E /* AppDelegateExtension.swift in Sources */ = {isa = PBXBuildFile; fileRef = E5DA3FFB1D76AA5D0071B22E /* AppDelegateExtension.swift */; };
		E5DA3FFF1D76AC490071B22E /* UIImage.swift in Sources */ = {isa = PBXBuildFile; fileRef = E5DA3FFE1D76AC490071B22E /* UIImage.swift */; };
		E5E42D3E1D780930006C5954 /* MakeFaceModel.swift in Sources */ = {isa = PBXBuildFile; fileRef = E5E42D3D1D780930006C5954 /* MakeFaceModel.swift */; };
		E5E42D401D780CA7006C5954 /* CGFloat.swift in Sources */ = {isa = PBXBuildFile; fileRef = E5E42D3F1D780CA7006C5954 /* CGFloat.swift */; };
		E5E42D421D783249006C5954 /* MakeFaceCell.swift in Sources */ = {isa = PBXBuildFile; fileRef = E5E42D411D783249006C5954 /* MakeFaceCell.swift */; };
		E5E42D441D783577006C5954 /* Observable.swift in Sources */ = {isa = PBXBuildFile; fileRef = E5E42D431D783577006C5954 /* Observable.swift */; };
		E5E42D481D7845FB006C5954 /* ConfigController.swift in Sources */ = {isa = PBXBuildFile; fileRef = E5E42D471D7845FB006C5954 /* ConfigController.swift */; };
		E5E42D4B1D78471C006C5954 /* GCD.swift in Sources */ = {isa = PBXBuildFile; fileRef = E5E42D4A1D78471C006C5954 /* GCD.swift */; };
/* End PBXBuildFile section */

/* Begin PBXFileReference section */
		181129BA1C7B365400F50FED /* DearFace.app */ = {isa = PBXFileReference; explicitFileType = wrapper.application; includeInIndex = 0; path = DearFace.app; sourceTree = BUILT_PRODUCTS_DIR; };
		181129BD1C7B365400F50FED /* AppDelegate.swift */ = {isa = PBXFileReference; lastKnownFileType = sourcecode.swift; path = AppDelegate.swift; sourceTree = "<group>"; };
		181129C41C7B365400F50FED /* App.xcassets */ = {isa = PBXFileReference; lastKnownFileType = folder.assetcatalog; path = App.xcassets; sourceTree = "<group>"; };
		181129C71C7B365400F50FED /* Base */ = {isa = PBXFileReference; lastKnownFileType = file.storyboard; name = Base; path = Base.lproj/LaunchScreen.storyboard; sourceTree = "<group>"; };
		181129C91C7B365400F50FED /* Info.plist */ = {isa = PBXFileReference; lastKnownFileType = text.plist.xml; path = Info.plist; sourceTree = "<group>"; };
		181129D71C7B38FC00F50FED /* MakeFaceController.swift */ = {isa = PBXFileReference; fileEncoding = 4; lastKnownFileType = sourcecode.swift; path = MakeFaceController.swift; sourceTree = "<group>"; };
		74DD3A3143145BF26DA726A6 /* Pods_DearFace.framework */ = {isa = PBXFileReference; explicitFileType = wrapper.framework; includeInIndex = 0; path = Pods_DearFace.framework; sourceTree = BUILT_PRODUCTS_DIR; };
		7A82E2B8B90FE2BCE28C4806 /* Pods-DearFace.release.xcconfig */ = {isa = PBXFileReference; includeInIndex = 1; lastKnownFileType = text.xcconfig; name = "Pods-DearFace.release.xcconfig"; path = "Pods/Target Support Files/Pods-DearFace/Pods-DearFace.release.xcconfig"; sourceTree = "<group>"; };
		8C482BD48F6D349F116D0CC6 /* Pods-DearFace.debug.xcconfig */ = {isa = PBXFileReference; includeInIndex = 1; lastKnownFileType = text.xcconfig; name = "Pods-DearFace.debug.xcconfig"; path = "Pods/Target Support Files/Pods-DearFace/Pods-DearFace.debug.xcconfig"; sourceTree = "<group>"; };
		E5180C941D81BD41009AB393 /* CGSize.swift */ = {isa = PBXFileReference; fileEncoding = 4; lastKnownFileType = sourcecode.swift; path = CGSize.swift; sourceTree = "<group>"; };
		E555B4AD1D82E62800380C36 /* ImageSelectController.swift */ = {isa = PBXFileReference; fileEncoding = 4; lastKnownFileType = sourcecode.swift; path = ImageSelectController.swift; sourceTree = "<group>"; };
		E555B4AF1D82E7FE00380C36 /* ImageSelectCell.swift */ = {isa = PBXFileReference; fileEncoding = 4; lastKnownFileType = sourcecode.swift; path = ImageSelectCell.swift; sourceTree = "<group>"; };
		E555B4B31D82EFEA00380C36 /* PHFetchResult.swift */ = {isa = PBXFileReference; fileEncoding = 4; lastKnownFileType = sourcecode.swift; path = PHFetchResult.swift; sourceTree = "<group>"; };
		E555B4B51D83DE0B00380C36 /* MakeFaceUIConfig.swift */ = {isa = PBXFileReference; fileEncoding = 4; lastKnownFileType = sourcecode.swift; path = MakeFaceUIConfig.swift; sourceTree = "<group>"; };
		E555B4BA1D83EF9700380C36 /* MakeFaceLayout.swift */ = {isa = PBXFileReference; fileEncoding = 4; lastKnownFileType = sourcecode.swift; path = MakeFaceLayout.swift; sourceTree = "<group>"; };
		E571B4671D85343400A2AEB1 /* UIFont.swift */ = {isa = PBXFileReference; fileEncoding = 4; lastKnownFileType = sourcecode.swift; path = UIFont.swift; sourceTree = "<group>"; };
		E571B46A1D8534D600A2AEB1 /* UIColor.swift */ = {isa = PBXFileReference; fileEncoding = 4; lastKnownFileType = sourcecode.swift; path = UIColor.swift; sourceTree = "<group>"; };
		E571B46D1D865DF700A2AEB1 /* ObserverKey.swift */ = {isa = PBXFileReference; fileEncoding = 4; lastKnownFileType = sourcecode.swift; path = ObserverKey.swift; sourceTree = "<group>"; };
		E571B4701D867E0900A2AEB1 /* ConfigUIConfig.swift */ = {isa = PBXFileReference; fileEncoding = 4; lastKnownFileType = sourcecode.swift; path = ConfigUIConfig.swift; sourceTree = "<group>"; };
		E5DA3FEC1D768C560071B22E /* Const.swift */ = {isa = PBXFileReference; fileEncoding = 4; lastKnownFileType = sourcecode.swift; path = Const.swift; sourceTree = "<group>"; };
		E5DA3FF51D76A3500071B22E /* Photos.framework */ = {isa = PBXFileReference; lastKnownFileType = wrapper.framework; name = Photos.framework; path = System/Library/Frameworks/Photos.framework; sourceTree = SDKROOT; };
		E5DA3FF91D76A6A00071B22E /* ImagePickerController.swift */ = {isa = PBXFileReference; fileEncoding = 4; lastKnownFileType = sourcecode.swift; path = ImagePickerController.swift; sourceTree = "<group>"; };
		E5DA3FFB1D76AA5D0071B22E /* AppDelegateExtension.swift */ = {isa = PBXFileReference; fileEncoding = 4; lastKnownFileType = sourcecode.swift; path = AppDelegateExtension.swift; sourceTree = "<group>"; };
		E5DA3FFE1D76AC490071B22E /* UIImage.swift */ = {isa = PBXFileReference; fileEncoding = 4; lastKnownFileType = sourcecode.swift; path = UIImage.swift; sourceTree = "<group>"; };
		E5E42D3D1D780930006C5954 /* MakeFaceModel.swift */ = {isa = PBXFileReference; fileEncoding = 4; lastKnownFileType = sourcecode.swift; path = MakeFaceModel.swift; sourceTree = "<group>"; };
		E5E42D3F1D780CA7006C5954 /* CGFloat.swift */ = {isa = PBXFileReference; fileEncoding = 4; lastKnownFileType = sourcecode.swift; path = CGFloat.swift; sourceTree = "<group>"; };
		E5E42D411D783249006C5954 /* MakeFaceCell.swift */ = {isa = PBXFileReference; fileEncoding = 4; lastKnownFileType = sourcecode.swift; path = MakeFaceCell.swift; sourceTree = "<group>"; };
		E5E42D431D783577006C5954 /* Observable.swift */ = {isa = PBXFileReference; fileEncoding = 4; lastKnownFileType = sourcecode.swift; path = Observable.swift; sourceTree = "<group>"; };
		E5E42D471D7845FB006C5954 /* ConfigController.swift */ = {isa = PBXFileReference; fileEncoding = 4; lastKnownFileType = sourcecode.swift; path = ConfigController.swift; sourceTree = "<group>"; };
		E5E42D4A1D78471C006C5954 /* GCD.swift */ = {isa = PBXFileReference; fileEncoding = 4; lastKnownFileType = sourcecode.swift; path = GCD.swift; sourceTree = "<group>"; };
/* End PBXFileReference section */

/* Begin PBXFrameworksBuildPhase section */
		181129B71C7B365400F50FED /* Frameworks */ = {
			isa = PBXFrameworksBuildPhase;
			buildActionMask = 2147483647;
			files = (
				E5DA3FF61D76A3500071B22E /* Photos.framework in Frameworks */,
				E09D456634D5904FCC75E8D7 /* Pods_DearFace.framework in Frameworks */,
			);
			runOnlyForDeploymentPostprocessing = 0;
		};
/* End PBXFrameworksBuildPhase section */

/* Begin PBXGroup section */
		181129B11C7B365400F50FED = {
			isa = PBXGroup;
			children = (
				181129BC1C7B365400F50FED /* DearFace */,
				181129BB1C7B365400F50FED /* Products */,
				7CBB559A1C81F04552C11C7E /* Pods */,
				74DF555D7D200DC3434996E5 /* Frameworks */,
			);
			sourceTree = "<group>";
		};
		181129BB1C7B365400F50FED /* Products */ = {
			isa = PBXGroup;
			children = (
				181129BA1C7B365400F50FED /* DearFace.app */,
			);
			name = Products;
			sourceTree = "<group>";
		};
		181129BC1C7B365400F50FED /* DearFace */ = {
			isa = PBXGroup;
			children = (
				E5DA3FE31D76882D0071B22E /* AppRoot */,
				181129CF1C7B37A100F50FED /* AppMain */,
				E5DA3FE71D768A8C0071B22E /* Public(公共) */,
				181129D01C7B37A600F50FED /* Vender(三方) */,
			);
			path = DearFace;
			sourceTree = "<group>";
		};
		181129CF1C7B37A100F50FED /* AppMain */ = {
			isa = PBXGroup;
			children = (
				E5E42D451D7845E3006C5954 /* Config */,
				E5DA3FF71D76A6890071B22E /* Image */,
				181129D91C7B390000F50FED /* MakeFace */,
			);
			name = AppMain;
			sourceTree = "<group>";
		};
		181129D01C7B37A600F50FED /* Vender(三方) */ = {
			isa = PBXGroup;
			children = (
			);
			name = "Vender(三方)";
			sourceTree = "<group>";
		};
		181129D31C7B37D800F50FED /* AppDelegate */ = {
			isa = PBXGroup;
			children = (
				181129BD1C7B365400F50FED /* AppDelegate.swift */,
				E5DA3FFB1D76AA5D0071B22E /* AppDelegateExtension.swift */,
			);
			name = AppDelegate;
			sourceTree = "<group>";
		};
		181129D41C7B385900F50FED /* Controller */ = {
			isa = PBXGroup;
			children = (
				181129D71C7B38FC00F50FED /* MakeFaceController.swift */,
				E555B4AD1D82E62800380C36 /* ImageSelectController.swift */,
			);
			name = Controller;
			sourceTree = "<group>";
		};
		181129D51C7B385B00F50FED /* View */ = {
			isa = PBXGroup;
			children = (
				E5E42D411D783249006C5954 /* MakeFaceCell.swift */,
				E555B4AF1D82E7FE00380C36 /* ImageSelectCell.swift */,
			);
			name = View;
			sourceTree = "<group>";
		};
		181129D61C7B385E00F50FED /* Model */ = {
			isa = PBXGroup;
			children = (
				E5E42D3D1D780930006C5954 /* MakeFaceModel.swift */,
				E555B4B51D83DE0B00380C36 /* MakeFaceUIConfig.swift */,
			);
			name = Model;
			sourceTree = "<group>";
		};
		181129D91C7B390000F50FED /* MakeFace */ = {
			isa = PBXGroup;
			children = (
				E555B4B91D83EF8100380C36 /* Layout */,
				181129D61C7B385E00F50FED /* Model */,
				181129D51C7B385B00F50FED /* View */,
				181129D41C7B385900F50FED /* Controller */,
			);
			name = MakeFace;
			sourceTree = "<group>";
		};
		74DF555D7D200DC3434996E5 /* Frameworks */ = {
			isa = PBXGroup;
			children = (
				E5DA3FF51D76A3500071B22E /* Photos.framework */,
				74DD3A3143145BF26DA726A6 /* Pods_DearFace.framework */,
			);
			name = Frameworks;
			sourceTree = "<group>";
		};
		7CBB559A1C81F04552C11C7E /* Pods */ = {
			isa = PBXGroup;
			children = (
				8C482BD48F6D349F116D0CC6 /* Pods-DearFace.debug.xcconfig */,
				7A82E2B8B90FE2BCE28C4806 /* Pods-DearFace.release.xcconfig */,
			);
			name = Pods;
			sourceTree = "<group>";
		};
		E555B4B91D83EF8100380C36 /* Layout */ = {
			isa = PBXGroup;
			children = (
				E555B4BA1D83EF9700380C36 /* MakeFaceLayout.swift */,
			);
			name = Layout;
			sourceTree = "<group>";
		};
		E571B46F1D867DD700A2AEB1 /* Model */ = {
			isa = PBXGroup;
			children = (
				E571B46D1D865DF700A2AEB1 /* ObserverKey.swift */,
				E571B4701D867E0900A2AEB1 /* ConfigUIConfig.swift */,
			);
			name = Model;
			sourceTree = "<group>";
		};
		E5DA3FE31D76882D0071B22E /* AppRoot */ = {
			isa = PBXGroup;
			children = (
				E5DA3FE41D76883B0071B22E /* Resource */,
				181129D31C7B37D800F50FED /* AppDelegate */,
				E5DA3FE61D7689E60071B22E /* Intro&Launch */,
			);
			name = AppRoot;
			sourceTree = "<group>";
		};
		E5DA3FE41D76883B0071B22E /* Resource */ = {
			isa = PBXGroup;
			children = (
				181129C41C7B365400F50FED /* App.xcassets */,
				181129C91C7B365400F50FED /* Info.plist */,
			);
			name = Resource;
			sourceTree = "<group>";
		};
		E5DA3FE61D7689E60071B22E /* Intro&Launch */ = {
			isa = PBXGroup;
			children = (
				181129C61C7B365400F50FED /* LaunchScreen.storyboard */,
			);
			name = "Intro&Launch";
			sourceTree = "<group>";
		};
		E5DA3FE71D768A8C0071B22E /* Public(公共) */ = {
			isa = PBXGroup;
			children = (
				E5DA3FEB1D768C3D0071B22E /* Common */,
				E5DA3FE91D768BBA0071B22E /* Expand */,
			);
			name = "Public(公共)";
			sourceTree = "<group>";
		};
		E5DA3FE91D768BBA0071B22E /* Expand */ = {
			isa = PBXGroup;
			children = (
				E571B4671D85343400A2AEB1 /* UIFont.swift */,
				E571B46A1D8534D600A2AEB1 /* UIColor.swift */,
				E5DA3FFE1D76AC490071B22E /* UIImage.swift */,
				E5E42D3F1D780CA7006C5954 /* CGFloat.swift */,
				E5180C941D81BD41009AB393 /* CGSize.swift */,
				E555B4B31D82EFEA00380C36 /* PHFetchResult.swift */,
			);
			name = Expand;
			sourceTree = "<group>";
		};
		E5DA3FEB1D768C3D0071B22E /* Common */ = {
			isa = PBXGroup;
			children = (
				E5DA3FEC1D768C560071B22E /* Const.swift */,
				E5E42D431D783577006C5954 /* Observable.swift */,
				E5E42D4A1D78471C006C5954 /* GCD.swift */,
			);
			name = Common;
			sourceTree = "<group>";
		};
		E5DA3FF71D76A6890071B22E /* Image */ = {
			isa = PBXGroup;
			children = (
				E5DA3FF81D76A6900071B22E /* Controller */,
			);
			name = Image;
			sourceTree = "<group>";
		};
		E5DA3FF81D76A6900071B22E /* Controller */ = {
			isa = PBXGroup;
			children = (
				E5DA3FF91D76A6A00071B22E /* ImagePickerController.swift */,
			);
			name = Controller;
			sourceTree = "<group>";
		};
		E5E42D451D7845E3006C5954 /* Config */ = {
			isa = PBXGroup;
			children = (
				E571B46F1D867DD700A2AEB1 /* Model */,
				E5E42D461D7845EE006C5954 /* Controller */,
			);
			name = Config;
			sourceTree = "<group>";
		};
		E5E42D461D7845EE006C5954 /* Controller */ = {
			isa = PBXGroup;
			children = (
				E5E42D471D7845FB006C5954 /* ConfigController.swift */,
			);
			name = Controller;
			sourceTree = "<group>";
		};
/* End PBXGroup section */

/* Begin PBXNativeTarget section */
		181129B91C7B365400F50FED /* DearFace */ = {
			isa = PBXNativeTarget;
			buildConfigurationList = 181129CC1C7B365400F50FED /* Build configuration list for PBXNativeTarget "DearFace" */;
			buildPhases = (
				F5237C7A3DFB6677FBD8FECB /* [CP] Check Pods Manifest.lock */,
				181129B61C7B365400F50FED /* Sources */,
				181129B71C7B365400F50FED /* Frameworks */,
				181129B81C7B365400F50FED /* Resources */,
				00FBF3CC6037E467789810C4 /* [CP] Embed Pods Frameworks */,
				70AD8F9B0A8E5E6F5CDB303E /* [CP] Copy Pods Resources */,
			);
			buildRules = (
			);
			dependencies = (
			);
			name = DearFace;
			productName = DearFace;
			productReference = 181129BA1C7B365400F50FED /* DearFace.app */;
			productType = "com.apple.product-type.application";
		};
/* End PBXNativeTarget section */

/* Begin PBXProject section */
		181129B21C7B365400F50FED /* Project object */ = {
			isa = PBXProject;
			attributes = {
				LastSwiftUpdateCheck = 0720;
				LastUpgradeCheck = 0720;
				ORGANIZATIONNAME = Joker;
				TargetAttributes = {
					181129B91C7B365400F50FED = {
						CreatedOnToolsVersion = 7.2.1;
						DevelopmentTeam = HZ8S3R9QKU;
					};
				};
			};
			buildConfigurationList = 181129B51C7B365400F50FED /* Build configuration list for PBXProject "DearFace" */;
			compatibilityVersion = "Xcode 3.2";
			developmentRegion = English;
			hasScannedForEncodings = 0;
			knownRegions = (
				en,
				Base,
			);
			mainGroup = 181129B11C7B365400F50FED;
			productRefGroup = 181129BB1C7B365400F50FED /* Products */;
			projectDirPath = "";
			projectRoot = "";
			targets = (
				181129B91C7B365400F50FED /* DearFace */,
			);
		};
/* End PBXProject section */

/* Begin PBXResourcesBuildPhase section */
		181129B81C7B365400F50FED /* Resources */ = {
			isa = PBXResourcesBuildPhase;
			buildActionMask = 2147483647;
			files = (
				181129C81C7B365400F50FED /* LaunchScreen.storyboard in Resources */,
				181129C51C7B365400F50FED /* App.xcassets in Resources */,
			);
			runOnlyForDeploymentPostprocessing = 0;
		};
/* End PBXResourcesBuildPhase section */

/* Begin PBXShellScriptBuildPhase section */
		00FBF3CC6037E467789810C4 /* [CP] Embed Pods Frameworks */ = {
			isa = PBXShellScriptBuildPhase;
			buildActionMask = 2147483647;
			files = (
			);
			inputPaths = (
			);
			name = "[CP] Embed Pods Frameworks";
			outputPaths = (
			);
			runOnlyForDeploymentPostprocessing = 0;
			shellPath = /bin/sh;
			shellScript = "\"${SRCROOT}/Pods/Target Support Files/Pods-DearFace/Pods-DearFace-frameworks.sh\"\n";
			showEnvVarsInLog = 0;
		};
		70AD8F9B0A8E5E6F5CDB303E /* [CP] Copy Pods Resources */ = {
			isa = PBXShellScriptBuildPhase;
			buildActionMask = 2147483647;
			files = (
			);
			inputPaths = (
			);
			name = "[CP] Copy Pods Resources";
			outputPaths = (
			);
			runOnlyForDeploymentPostprocessing = 0;
			shellPath = /bin/sh;
			shellScript = "\"${SRCROOT}/Pods/Target Support Files/Pods-DearFace/Pods-DearFace-resources.sh\"\n";
			showEnvVarsInLog = 0;
		};
		F5237C7A3DFB6677FBD8FECB /* [CP] Check Pods Manifest.lock */ = {
			isa = PBXShellScriptBuildPhase;
			buildActionMask = 2147483647;
			files = (
			);
			inputPaths = (
			);
			name = "[CP] Check Pods Manifest.lock";
			outputPaths = (
			);
			runOnlyForDeploymentPostprocessing = 0;
			shellPath = /bin/sh;
			shellScript = "diff \"${PODS_ROOT}/../Podfile.lock\" \"${PODS_ROOT}/Manifest.lock\" > /dev/null\nif [[ $? != 0 ]] ; then\n    cat << EOM\nerror: The sandbox is not in sync with the Podfile.lock. Run 'pod install' or update your CocoaPods installation.\nEOM\n    exit 1\nfi\n";
			showEnvVarsInLog = 0;
		};
/* End PBXShellScriptBuildPhase section */

/* Begin PBXSourcesBuildPhase section */
		181129B61C7B365400F50FED /* Sources */ = {
			isa = PBXSourcesBuildPhase;
			buildActionMask = 2147483647;
			files = (
				E5E42D441D783577006C5954 /* Observable.swift in Sources */,
				E5180C951D81BD41009AB393 /* CGSize.swift in Sources */,
				E555B4BB1D83EF9700380C36 /* MakeFaceLayout.swift in Sources */,
				E5E42D4B1D78471C006C5954 /* GCD.swift in Sources */,
				E571B46E1D865DF700A2AEB1 /* ObserverKey.swift in Sources */,
				E555B4B61D83DE0B00380C36 /* MakeFaceUIConfig.swift in Sources */,
				E5E42D401D780CA7006C5954 /* CGFloat.swift in Sources */,
				181129BE1C7B365400F50FED /* AppDelegate.swift in Sources */,
				181129D81C7B38FC00F50FED /* MakeFaceController.swift in Sources */,
				E5DA3FFA1D76A6A00071B22E /* ImagePickerController.swift in Sources */,
				E571B46B1D8534D600A2AEB1 /* UIColor.swift in Sources */,
				E5E42D421D783249006C5954 /* MakeFaceCell.swift in Sources */,
				E571B4681D85343400A2AEB1 /* UIFont.swift in Sources */,
				E5E42D481D7845FB006C5954 /* ConfigController.swift in Sources */,
				E5E42D3E1D780930006C5954 /* MakeFaceModel.swift in Sources */,
				E555B4B01D82E7FE00380C36 /* ImageSelectCell.swift in Sources */,
				E5DA3FFC1D76AA5D0071B22E /* AppDelegateExtension.swift in Sources */,
				E555B4AE1D82E62800380C36 /* ImageSelectController.swift in Sources */,
				E5DA3FED1D768C560071B22E /* Const.swift in Sources */,
				E5DA3FFF1D76AC490071B22E /* UIImage.swift in Sources */,
				E555B4B41D82EFEA00380C36 /* PHFetchResult.swift in Sources */,
				E571B4711D867E0900A2AEB1 /* ConfigUIConfig.swift in Sources */,
			);
			runOnlyForDeploymentPostprocessing = 0;
		};
/* End PBXSourcesBuildPhase section */

/* Begin PBXVariantGroup section */
		181129C61C7B365400F50FED /* LaunchScreen.storyboard */ = {
			isa = PBXVariantGroup;
			children = (
				181129C71C7B365400F50FED /* Base */,
			);
			name = LaunchScreen.storyboard;
			sourceTree = "<group>";
		};
/* End PBXVariantGroup section */

/* Begin XCBuildConfiguration section */
		181129CA1C7B365400F50FED /* Debug */ = {
			isa = XCBuildConfiguration;
			buildSettings = {
				ALWAYS_SEARCH_USER_PATHS = NO;
				CLANG_CXX_LANGUAGE_STANDARD = "gnu++0x";
				CLANG_CXX_LIBRARY = "libc++";
				CLANG_ENABLE_MODULES = YES;
				CLANG_ENABLE_OBJC_ARC = YES;
				CLANG_WARN_BOOL_CONVERSION = YES;
				CLANG_WARN_CONSTANT_CONVERSION = YES;
				CLANG_WARN_DIRECT_OBJC_ISA_USAGE = YES_ERROR;
				CLANG_WARN_EMPTY_BODY = YES;
				CLANG_WARN_ENUM_CONVERSION = YES;
				CLANG_WARN_INT_CONVERSION = YES;
				CLANG_WARN_OBJC_ROOT_CLASS = YES_ERROR;
				CLANG_WARN_UNREACHABLE_CODE = YES;
				CLANG_WARN__DUPLICATE_METHOD_MATCH = YES;
				"CODE_SIGN_IDENTITY[sdk=iphoneos*]" = "iPhone Developer";
				COPY_PHASE_STRIP = NO;
				DEBUG_INFORMATION_FORMAT = dwarf;
				ENABLE_STRICT_OBJC_MSGSEND = YES;
				ENABLE_TESTABILITY = YES;
				GCC_C_LANGUAGE_STANDARD = gnu99;
				GCC_DYNAMIC_NO_PIC = NO;
				GCC_NO_COMMON_BLOCKS = YES;
				GCC_OPTIMIZATION_LEVEL = 0;
				GCC_PREPROCESSOR_DEFINITIONS = (
					"DEBUG=1",
					"$(inherited)",
				);
				GCC_WARN_64_TO_32_BIT_CONVERSION = YES;
				GCC_WARN_ABOUT_RETURN_TYPE = YES_ERROR;
				GCC_WARN_UNDECLARED_SELECTOR = YES;
				GCC_WARN_UNINITIALIZED_AUTOS = YES_AGGRESSIVE;
				GCC_WARN_UNUSED_FUNCTION = YES;
				GCC_WARN_UNUSED_VARIABLE = YES;
				IPHONEOS_DEPLOYMENT_TARGET = 9.2;
				MTL_ENABLE_DEBUG_INFO = YES;
				ONLY_ACTIVE_ARCH = YES;
				SDKROOT = iphoneos;
				SWIFT_OPTIMIZATION_LEVEL = "-Onone";
			};
			name = Debug;
		};
		181129CB1C7B365400F50FED /* Release */ = {
			isa = XCBuildConfiguration;
			buildSettings = {
				ALWAYS_SEARCH_USER_PATHS = NO;
				CLANG_CXX_LANGUAGE_STANDARD = "gnu++0x";
				CLANG_CXX_LIBRARY = "libc++";
				CLANG_ENABLE_MODULES = YES;
				CLANG_ENABLE_OBJC_ARC = YES;
				CLANG_WARN_BOOL_CONVERSION = YES;
				CLANG_WARN_CONSTANT_CONVERSION = YES;
				CLANG_WARN_DIRECT_OBJC_ISA_USAGE = YES_ERROR;
				CLANG_WARN_EMPTY_BODY = YES;
				CLANG_WARN_ENUM_CONVERSION = YES;
				CLANG_WARN_INT_CONVERSION = YES;
				CLANG_WARN_OBJC_ROOT_CLASS = YES_ERROR;
				CLANG_WARN_UNREACHABLE_CODE = YES;
				CLANG_WARN__DUPLICATE_METHOD_MATCH = YES;
				"CODE_SIGN_IDENTITY[sdk=iphoneos*]" = "iPhone Developer";
				COPY_PHASE_STRIP = NO;
				DEBUG_INFORMATION_FORMAT = "dwarf-with-dsym";
				ENABLE_NS_ASSERTIONS = NO;
				ENABLE_STRICT_OBJC_MSGSEND = YES;
				GCC_C_LANGUAGE_STANDARD = gnu99;
				GCC_NO_COMMON_BLOCKS = YES;
				GCC_WARN_64_TO_32_BIT_CONVERSION = YES;
				GCC_WARN_ABOUT_RETURN_TYPE = YES_ERROR;
				GCC_WARN_UNDECLARED_SELECTOR = YES;
				GCC_WARN_UNINITIALIZED_AUTOS = YES_AGGRESSIVE;
				GCC_WARN_UNUSED_FUNCTION = YES;
				GCC_WARN_UNUSED_VARIABLE = YES;
				IPHONEOS_DEPLOYMENT_TARGET = 9.2;
				MTL_ENABLE_DEBUG_INFO = NO;
				SDKROOT = iphoneos;
				VALIDATE_PRODUCT = YES;
			};
			name = Release;
		};
		181129CD1C7B365400F50FED /* Debug */ = {
			isa = XCBuildConfiguration;
			baseConfigurationReference = 8C482BD48F6D349F116D0CC6 /* Pods-DearFace.debug.xcconfig */;
			buildSettings = {
				ASSETCATALOG_COMPILER_APPICON_NAME = AppIcon;
				CODE_SIGN_IDENTITY = "iPhone Developer";
				"CODE_SIGN_IDENTITY[sdk=iphoneos*]" = "iPhone Developer";
				INFOPLIST_FILE = DearFace/Info.plist;
				IPHONEOS_DEPLOYMENT_TARGET = 9.0;
				LD_RUNPATH_SEARCH_PATHS = "$(inherited) @executable_path/Frameworks";
				PRODUCT_BUNDLE_IDENTIFIER = cn.jhd.DearFace;
				PRODUCT_NAME = "$(TARGET_NAME)";
				PROVISIONING_PROFILE = "";
			};
			name = Debug;
		};
		181129CE1C7B365400F50FED /* Release */ = {
			isa = XCBuildConfiguration;
			baseConfigurationReference = 7A82E2B8B90FE2BCE28C4806 /* Pods-DearFace.release.xcconfig */;
			buildSettings = {
				ASSETCATALOG_COMPILER_APPICON_NAME = AppIcon;
				CODE_SIGN_IDENTITY = "iPhone Developer";
				"CODE_SIGN_IDENTITY[sdk=iphoneos*]" = "iPhone Developer";
				INFOPLIST_FILE = DearFace/Info.plist;
				IPHONEOS_DEPLOYMENT_TARGET = 9.0;
				LD_RUNPATH_SEARCH_PATHS = "$(inherited) @executable_path/Frameworks";
				PRODUCT_BUNDLE_IDENTIFIER = cn.jhd.DearFace;
				PRODUCT_NAME = "$(TARGET_NAME)";
				PROVISIONING_PROFILE = "";
			};
			name = Release;
		};
/* End XCBuildConfiguration section */

/* Begin XCConfigurationList section */
		181129B51C7B365400F50FED /* Build configuration list for PBXProject "DearFace" */ = {
			isa = XCConfigurationList;
			buildConfigurations = (
				181129CA1C7B365400F50FED /* Debug */,
				181129CB1C7B365400F50FED /* Release */,
			);
			defaultConfigurationIsVisible = 0;
			defaultConfigurationName = Release;
		};
		181129CC1C7B365400F50FED /* Build configuration list for PBXNativeTarget "DearFace" */ = {
			isa = XCConfigurationList;
			buildConfigurations = (
				181129CD1C7B365400F50FED /* Debug */,
				181129CE1C7B365400F50FED /* Release */,
			);
			defaultConfigurationIsVisible = 0;
			defaultConfigurationName = Release;
		};
/* End XCConfigurationList section */
	};
	rootObject = 181129B21C7B365400F50FED /* Project object */;
}
