<?xml version="1.0" encoding="UTF-8"?>
<!DOCTYPE plist PUBLIC "-//Apple//DTD PLIST 1.0//EN" "http://www.apple.com/DTDs/PropertyList-1.0.dtd">
<plist version="1.0">
<dict>
	<key>archiveVersion</key>
	<string>1</string>
	<key>classes</key>
	<dict/>
	<key>objectVersion</key>
	<string>46</string>
	<key>objects</key>
	<dict>
		<key>00FBF3CC6037E467789810C4</key>
		<dict>
			<key>buildActionMask</key>
			<string>2147483647</string>
			<key>files</key>
			<array/>
			<key>inputPaths</key>
			<array/>
			<key>isa</key>
			<string>PBXShellScriptBuildPhase</string>
			<key>name</key>
			<string>[CP] Embed Pods Frameworks</string>
			<key>outputPaths</key>
			<array/>
			<key>runOnlyForDeploymentPostprocessing</key>
			<string>0</string>
			<key>shellPath</key>
			<string>/bin/sh</string>
			<key>shellScript</key>
			<string>"${SRCROOT}/Pods/Target Support Files/Pods-DearFace/Pods-DearFace-frameworks.sh"
</string>
			<key>showEnvVarsInLog</key>
			<string>0</string>
		</dict>
		<key>181129B11C7B365400F50FED</key>
		<dict>
			<key>children</key>
			<array>
				<string>181129BC1C7B365400F50FED</string>
				<string>181129BB1C7B365400F50FED</string>
				<string>7CBB559A1C81F04552C11C7E</string>
				<string>74DF555D7D200DC3434996E5</string>
			</array>
			<key>isa</key>
			<string>PBXGroup</string>
			<key>sourceTree</key>
			<string>&lt;group&gt;</string>
		</dict>
		<key>181129B21C7B365400F50FED</key>
		<dict>
			<key>attributes</key>
			<dict>
				<key>LastSwiftUpdateCheck</key>
				<string>0720</string>
				<key>LastUpgradeCheck</key>
				<string>0800</string>
				<key>ORGANIZATIONNAME</key>
				<string>Joker</string>
				<key>TargetAttributes</key>
				<dict>
					<key>181129B91C7B365400F50FED</key>
					<dict>
						<key>CreatedOnToolsVersion</key>
						<string>7.2.1</string>
						<key>DevelopmentTeam</key>
						<string>HZ8S3R9QKU</string>
						<key>LastSwiftMigration</key>
						<string>0800</string>
					</dict>
				</dict>
			</dict>
			<key>buildConfigurationList</key>
			<string>181129B51C7B365400F50FED</string>
			<key>compatibilityVersion</key>
			<string>Xcode 3.2</string>
			<key>developmentRegion</key>
			<string>English</string>
			<key>hasScannedForEncodings</key>
			<string>0</string>
			<key>isa</key>
			<string>PBXProject</string>
			<key>knownRegions</key>
			<array>
				<string>en</string>
				<string>Base</string>
			</array>
			<key>mainGroup</key>
			<string>181129B11C7B365400F50FED</string>
			<key>productRefGroup</key>
			<string>181129BB1C7B365400F50FED</string>
			<key>projectDirPath</key>
			<string></string>
			<key>projectReferences</key>
			<array/>
			<key>projectRoot</key>
			<string></string>
			<key>targets</key>
			<array>
				<string>181129B91C7B365400F50FED</string>
			</array>
		</dict>
		<key>181129B51C7B365400F50FED</key>
		<dict>
			<key>buildConfigurations</key>
			<array>
				<string>181129CA1C7B365400F50FED</string>
				<string>181129CB1C7B365400F50FED</string>
			</array>
			<key>defaultConfigurationIsVisible</key>
			<string>0</string>
			<key>defaultConfigurationName</key>
			<string>Release</string>
			<key>isa</key>
			<string>XCConfigurationList</string>
		</dict>
		<key>181129B61C7B365400F50FED</key>
		<dict>
			<key>buildActionMask</key>
			<string>2147483647</string>
			<key>files</key>
			<array>
				<string>E5E42D441D783577006C5954</string>
				<string>E5180C951D81BD41009AB393</string>
				<string>E555B4BB1D83EF9700380C36</string>
				<string>E5E42D4B1D78471C006C5954</string>
				<string>E571B46E1D865DF700A2AEB1</string>
				<string>E555B4B61D83DE0B00380C36</string>
				<string>E5E42D401D780CA7006C5954</string>
				<string>181129BE1C7B365400F50FED</string>
				<string>181129D81C7B38FC00F50FED</string>
				<string>E5DA3FFA1D76A6A00071B22E</string>
				<string>E571B46B1D8534D600A2AEB1</string>
				<string>E5E42D421D783249006C5954</string>
				<string>E571B4681D85343400A2AEB1</string>
				<string>E5E42D481D7845FB006C5954</string>
				<string>E5E42D3E1D780930006C5954</string>
				<string>E555B4B01D82E7FE00380C36</string>
				<string>E5DA3FFC1D76AA5D0071B22E</string>
				<string>E555B4AE1D82E62800380C36</string>
				<string>E5DA3FED1D768C560071B22E</string>
				<string>E5DA3FFF1D76AC490071B22E</string>
				<string>E555B4B41D82EFEA00380C36</string>
				<string>E571B4711D867E0900A2AEB1</string>
			</array>
			<key>isa</key>
			<string>PBXSourcesBuildPhase</string>
			<key>runOnlyForDeploymentPostprocessing</key>
			<string>0</string>
		</dict>
		<key>181129B71C7B365400F50FED</key>
		<dict>
			<key>buildActionMask</key>
			<string>2147483647</string>
			<key>files</key>
			<array>
				<string>E526E9E31D87E8910005FB34</string>
				<string>E5DA3FF61D76A3500071B22E</string>
				<string>D5C10E7331B6FBA275E05AAC</string>
			</array>
			<key>isa</key>
			<string>PBXFrameworksBuildPhase</string>
			<key>runOnlyForDeploymentPostprocessing</key>
			<string>0</string>
		</dict>
		<key>181129B81C7B365400F50FED</key>
		<dict>
			<key>buildActionMask</key>
			<string>2147483647</string>
			<key>files</key>
			<array>
				<string>181129C81C7B365400F50FED</string>
				<string>181129C51C7B365400F50FED</string>
			</array>
			<key>isa</key>
			<string>PBXResourcesBuildPhase</string>
			<key>runOnlyForDeploymentPostprocessing</key>
			<string>0</string>
		</dict>
		<key>181129B91C7B365400F50FED</key>
		<dict>
			<key>buildConfigurationList</key>
			<string>181129CC1C7B365400F50FED</string>
			<key>buildPhases</key>
			<array>
				<string>F5237C7A3DFB6677FBD8FECB</string>
				<string>181129B61C7B365400F50FED</string>
				<string>181129B71C7B365400F50FED</string>
				<string>181129B81C7B365400F50FED</string>
				<string>00FBF3CC6037E467789810C4</string>
				<string>70AD8F9B0A8E5E6F5CDB303E</string>
			</array>
			<key>buildRules</key>
			<array/>
			<key>dependencies</key>
			<array/>
			<key>isa</key>
			<string>PBXNativeTarget</string>
			<key>name</key>
			<string>DearFace</string>
			<key>productName</key>
			<string>DearFace</string>
			<key>productReference</key>
			<string>181129BA1C7B365400F50FED</string>
			<key>productType</key>
			<string>com.apple.product-type.application</string>
		</dict>
		<key>181129BA1C7B365400F50FED</key>
		<dict>
			<key>explicitFileType</key>
			<string>wrapper.application</string>
			<key>includeInIndex</key>
			<string>0</string>
			<key>isa</key>
			<string>PBXFileReference</string>
			<key>path</key>
			<string>DearFace.app</string>
			<key>sourceTree</key>
			<string>BUILT_PRODUCTS_DIR</string>
		</dict>
		<key>181129BB1C7B365400F50FED</key>
		<dict>
			<key>children</key>
			<array>
				<string>181129BA1C7B365400F50FED</string>
			</array>
			<key>isa</key>
			<string>PBXGroup</string>
			<key>name</key>
			<string>Products</string>
			<key>sourceTree</key>
			<string>&lt;group&gt;</string>
		</dict>
		<key>181129BC1C7B365400F50FED</key>
		<dict>
			<key>children</key>
			<array>
				<string>E5DA3FE31D76882D0071B22E</string>
				<string>181129CF1C7B37A100F50FED</string>
				<string>E5DA3FE71D768A8C0071B22E</string>
				<string>181129D01C7B37A600F50FED</string>
			</array>
			<key>isa</key>
			<string>PBXGroup</string>
			<key>path</key>
			<string>DearFace</string>
			<key>sourceTree</key>
			<string>&lt;group&gt;</string>
		</dict>
		<key>181129BD1C7B365400F50FED</key>
		<dict>
			<key>isa</key>
			<string>PBXFileReference</string>
			<key>lastKnownFileType</key>
			<string>sourcecode.swift</string>
			<key>path</key>
			<string>AppDelegate.swift</string>
			<key>sourceTree</key>
			<string>&lt;group&gt;</string>
		</dict>
		<key>181129BE1C7B365400F50FED</key>
		<dict>
			<key>fileRef</key>
			<string>181129BD1C7B365400F50FED</string>
			<key>isa</key>
			<string>PBXBuildFile</string>
		</dict>
		<key>181129C41C7B365400F50FED</key>
		<dict>
			<key>isa</key>
			<string>PBXFileReference</string>
			<key>lastKnownFileType</key>
			<string>folder.assetcatalog</string>
			<key>path</key>
			<string>App.xcassets</string>
			<key>sourceTree</key>
			<string>&lt;group&gt;</string>
		</dict>
		<key>181129C51C7B365400F50FED</key>
		<dict>
			<key>fileRef</key>
			<string>181129C41C7B365400F50FED</string>
			<key>isa</key>
			<string>PBXBuildFile</string>
		</dict>
		<key>181129C61C7B365400F50FED</key>
		<dict>
			<key>children</key>
			<array>
				<string>181129C71C7B365400F50FED</string>
			</array>
			<key>isa</key>
			<string>PBXVariantGroup</string>
			<key>name</key>
			<string>LaunchScreen.storyboard</string>
			<key>sourceTree</key>
			<string>&lt;group&gt;</string>
		</dict>
		<key>181129C71C7B365400F50FED</key>
		<dict>
			<key>isa</key>
			<string>PBXFileReference</string>
			<key>lastKnownFileType</key>
			<string>file.storyboard</string>
			<key>name</key>
			<string>Base</string>
			<key>path</key>
			<string>Base.lproj/LaunchScreen.storyboard</string>
			<key>sourceTree</key>
			<string>&lt;group&gt;</string>
		</dict>
		<key>181129C81C7B365400F50FED</key>
		<dict>
			<key>fileRef</key>
			<string>181129C61C7B365400F50FED</string>
			<key>isa</key>
			<string>PBXBuildFile</string>
		</dict>
		<key>181129C91C7B365400F50FED</key>
		<dict>
			<key>isa</key>
			<string>PBXFileReference</string>
			<key>lastKnownFileType</key>
			<string>text.plist.xml</string>
			<key>path</key>
			<string>Info.plist</string>
			<key>sourceTree</key>
			<string>&lt;group&gt;</string>
		</dict>
		<key>181129CA1C7B365400F50FED</key>
		<dict>
			<key>buildSettings</key>
			<dict>
				<key>ALWAYS_SEARCH_USER_PATHS</key>
				<string>NO</string>
				<key>CLANG_CXX_LANGUAGE_STANDARD</key>
				<string>gnu++0x</string>
				<key>CLANG_CXX_LIBRARY</key>
				<string>libc++</string>
				<key>CLANG_ENABLE_MODULES</key>
				<string>YES</string>
				<key>CLANG_ENABLE_OBJC_ARC</key>
				<string>YES</string>
				<key>CLANG_WARN_BOOL_CONVERSION</key>
				<string>YES</string>
				<key>CLANG_WARN_CONSTANT_CONVERSION</key>
				<string>YES</string>
				<key>CLANG_WARN_DIRECT_OBJC_ISA_USAGE</key>
				<string>YES_ERROR</string>
				<key>CLANG_WARN_EMPTY_BODY</key>
				<string>YES</string>
				<key>CLANG_WARN_ENUM_CONVERSION</key>
				<string>YES</string>
				<key>CLANG_WARN_INFINITE_RECURSION</key>
				<string>YES</string>
				<key>CLANG_WARN_INT_CONVERSION</key>
				<string>YES</string>
				<key>CLANG_WARN_OBJC_ROOT_CLASS</key>
				<string>YES_ERROR</string>
				<key>CLANG_WARN_SUSPICIOUS_MOVE</key>
				<string>YES</string>
				<key>CLANG_WARN_UNREACHABLE_CODE</key>
				<string>YES</string>
				<key>CLANG_WARN__DUPLICATE_METHOD_MATCH</key>
				<string>YES</string>
				<key>CODE_SIGN_IDENTITY[sdk=iphoneos*]</key>
				<string>iPhone Developer</string>
				<key>COPY_PHASE_STRIP</key>
				<string>NO</string>
				<key>DEBUG_INFORMATION_FORMAT</key>
				<string>dwarf</string>
				<key>ENABLE_STRICT_OBJC_MSGSEND</key>
				<string>YES</string>
				<key>ENABLE_TESTABILITY</key>
				<string>YES</string>
				<key>GCC_C_LANGUAGE_STANDARD</key>
				<string>gnu99</string>
				<key>GCC_DYNAMIC_NO_PIC</key>
				<string>NO</string>
				<key>GCC_NO_COMMON_BLOCKS</key>
				<string>YES</string>
				<key>GCC_OPTIMIZATION_LEVEL</key>
				<string>0</string>
				<key>GCC_PREPROCESSOR_DEFINITIONS</key>
				<array>
					<string>DEBUG=1</string>
					<string>$(inherited)</string>
				</array>
				<key>GCC_WARN_64_TO_32_BIT_CONVERSION</key>
				<string>YES</string>
				<key>GCC_WARN_ABOUT_RETURN_TYPE</key>
				<string>YES_ERROR</string>
				<key>GCC_WARN_UNDECLARED_SELECTOR</key>
				<string>YES</string>
				<key>GCC_WARN_UNINITIALIZED_AUTOS</key>
				<string>YES_AGGRESSIVE</string>
				<key>GCC_WARN_UNUSED_FUNCTION</key>
				<string>YES</string>
				<key>GCC_WARN_UNUSED_VARIABLE</key>
				<string>YES</string>
				<key>IPHONEOS_DEPLOYMENT_TARGET</key>
				<string>8.0</string>
				<key>MTL_ENABLE_DEBUG_INFO</key>
				<string>YES</string>
				<key>ONLY_ACTIVE_ARCH</key>
				<string>YES</string>
				<key>SDKROOT</key>
				<string>iphoneos</string>
				<key>SWIFT_OPTIMIZATION_LEVEL</key>
				<string>-Onone</string>
				<key>SWIFT_VERSION</key>
				<string>2.3</string>
			</dict>
			<key>isa</key>
			<string>XCBuildConfiguration</string>
			<key>name</key>
			<string>Debug</string>
		</dict>
		<key>181129CB1C7B365400F50FED</key>
		<dict>
			<key>buildSettings</key>
			<dict>
				<key>ALWAYS_SEARCH_USER_PATHS</key>
				<string>NO</string>
				<key>CLANG_CXX_LANGUAGE_STANDARD</key>
				<string>gnu++0x</string>
				<key>CLANG_CXX_LIBRARY</key>
				<string>libc++</string>
				<key>CLANG_ENABLE_MODULES</key>
				<string>YES</string>
				<key>CLANG_ENABLE_OBJC_ARC</key>
				<string>YES</string>
				<key>CLANG_WARN_BOOL_CONVERSION</key>
				<string>YES</string>
				<key>CLANG_WARN_CONSTANT_CONVERSION</key>
				<string>YES</string>
				<key>CLANG_WARN_DIRECT_OBJC_ISA_USAGE</key>
				<string>YES_ERROR</string>
				<key>CLANG_WARN_EMPTY_BODY</key>
				<string>YES</string>
				<key>CLANG_WARN_ENUM_CONVERSION</key>
				<string>YES</string>
				<key>CLANG_WARN_INFINITE_RECURSION</key>
				<string>YES</string>
				<key>CLANG_WARN_INT_CONVERSION</key>
				<string>YES</string>
				<key>CLANG_WARN_OBJC_ROOT_CLASS</key>
				<string>YES_ERROR</string>
				<key>CLANG_WARN_SUSPICIOUS_MOVE</key>
				<string>YES</string>
				<key>CLANG_WARN_UNREACHABLE_CODE</key>
				<string>YES</string>
				<key>CLANG_WARN__DUPLICATE_METHOD_MATCH</key>
				<string>YES</string>
				<key>CODE_SIGN_IDENTITY[sdk=iphoneos*]</key>
				<string>iPhone Developer</string>
				<key>COPY_PHASE_STRIP</key>
				<string>NO</string>
				<key>DEBUG_INFORMATION_FORMAT</key>
				<string>dwarf-with-dsym</string>
				<key>ENABLE_NS_ASSERTIONS</key>
				<string>NO</string>
				<key>ENABLE_STRICT_OBJC_MSGSEND</key>
				<string>YES</string>
				<key>GCC_C_LANGUAGE_STANDARD</key>
				<string>gnu99</string>
				<key>GCC_NO_COMMON_BLOCKS</key>
				<string>YES</string>
				<key>GCC_WARN_64_TO_32_BIT_CONVERSION</key>
				<string>YES</string>
				<key>GCC_WARN_ABOUT_RETURN_TYPE</key>
				<string>YES_ERROR</string>
				<key>GCC_WARN_UNDECLARED_SELECTOR</key>
				<string>YES</string>
				<key>GCC_WARN_UNINITIALIZED_AUTOS</key>
				<string>YES_AGGRESSIVE</string>
				<key>GCC_WARN_UNUSED_FUNCTION</key>
				<string>YES</string>
				<key>GCC_WARN_UNUSED_VARIABLE</key>
				<string>YES</string>
				<key>IPHONEOS_DEPLOYMENT_TARGET</key>
				<string>8.0</string>
				<key>MTL_ENABLE_DEBUG_INFO</key>
				<string>NO</string>
				<key>SDKROOT</key>
				<string>iphoneos</string>
				<key>SWIFT_OPTIMIZATION_LEVEL</key>
				<string>-Owholemodule</string>
				<key>SWIFT_VERSION</key>
				<string>2.3</string>
				<key>VALIDATE_PRODUCT</key>
				<string>YES</string>
			</dict>
			<key>isa</key>
			<string>XCBuildConfiguration</string>
			<key>name</key>
			<string>Release</string>
		</dict>
		<key>181129CC1C7B365400F50FED</key>
		<dict>
			<key>buildConfigurations</key>
			<array>
				<string>181129CD1C7B365400F50FED</string>
				<string>181129CE1C7B365400F50FED</string>
			</array>
			<key>defaultConfigurationIsVisible</key>
			<string>0</string>
			<key>defaultConfigurationName</key>
			<string>Release</string>
			<key>isa</key>
			<string>XCConfigurationList</string>
		</dict>
		<key>181129CD1C7B365400F50FED</key>
		<dict>
			<key>baseConfigurationReference</key>
			<string>8C482BD48F6D349F116D0CC6</string>
			<key>buildSettings</key>
			<dict>
				<key>ALWAYS_EMBED_SWIFT_STANDARD_LIBRARIES</key>
				<string>YES</string>
				<key>ASSETCATALOG_COMPILER_APPICON_NAME</key>
				<string>AppIcon</string>
				<key>CODE_SIGN_IDENTITY</key>
				<string>iPhone Developer</string>
				<key>CODE_SIGN_IDENTITY[sdk=iphoneos*]</key>
				<string>iPhone Developer</string>
				<key>FRAMEWORK_SEARCH_PATHS</key>
				<array>
					<string>$(inherited)</string>
					<string>$(PROJECT_DIR)/build/Debug-iphoneos</string>
				</array>
				<key>INFOPLIST_FILE</key>
				<string>DearFace/Info.plist</string>
				<key>IPHONEOS_DEPLOYMENT_TARGET</key>
				<string>8.0</string>
				<key>LD_RUNPATH_SEARCH_PATHS</key>
				<string>$(inherited) @executable_path/Frameworks</string>
				<key>PRODUCT_BUNDLE_IDENTIFIER</key>
				<string>cn.jhd.DearFace</string>
				<key>PRODUCT_NAME</key>
				<string>$(TARGET_NAME)</string>
				<key>PROVISIONING_PROFILE</key>
				<string></string>
				<key>SWIFT_VERSION</key>
				<string>3.0</string>
			</dict>
			<key>isa</key>
			<string>XCBuildConfiguration</string>
			<key>name</key>
			<string>Debug</string>
		</dict>
		<key>181129CE1C7B365400F50FED</key>
		<dict>
			<key>baseConfigurationReference</key>
			<string>7A82E2B8B90FE2BCE28C4806</string>
			<key>buildSettings</key>
			<dict>
				<key>ALWAYS_EMBED_SWIFT_STANDARD_LIBRARIES</key>
				<string>YES</string>
				<key>ASSETCATALOG_COMPILER_APPICON_NAME</key>
				<string>AppIcon</string>
				<key>CODE_SIGN_IDENTITY</key>
				<string>iPhone Developer</string>
				<key>CODE_SIGN_IDENTITY[sdk=iphoneos*]</key>
				<string>iPhone Developer</string>
				<key>FRAMEWORK_SEARCH_PATHS</key>
				<array>
					<string>$(inherited)</string>
					<string>$(PROJECT_DIR)/build/Debug-iphoneos</string>
				</array>
				<key>INFOPLIST_FILE</key>
				<string>DearFace/Info.plist</string>
				<key>IPHONEOS_DEPLOYMENT_TARGET</key>
				<string>8.0</string>
				<key>LD_RUNPATH_SEARCH_PATHS</key>
				<string>$(inherited) @executable_path/Frameworks</string>
				<key>PRODUCT_BUNDLE_IDENTIFIER</key>
				<string>cn.jhd.DearFace</string>
				<key>PRODUCT_NAME</key>
				<string>$(TARGET_NAME)</string>
				<key>PROVISIONING_PROFILE</key>
				<string></string>
				<key>SWIFT_VERSION</key>
				<string>3.0</string>
			</dict>
			<key>isa</key>
			<string>XCBuildConfiguration</string>
			<key>name</key>
			<string>Release</string>
		</dict>
		<key>181129CF1C7B37A100F50FED</key>
		<dict>
			<key>children</key>
			<array>
				<string>E5E42D451D7845E3006C5954</string>
				<string>E5DA3FF71D76A6890071B22E</string>
				<string>181129D91C7B390000F50FED</string>
			</array>
			<key>isa</key>
			<string>PBXGroup</string>
			<key>name</key>
			<string>AppMain</string>
			<key>sourceTree</key>
			<string>&lt;group&gt;</string>
		</dict>
		<key>181129D01C7B37A600F50FED</key>
		<dict>
			<key>children</key>
			<array/>
			<key>isa</key>
			<string>PBXGroup</string>
			<key>name</key>
			<string>Vender(&#19977;&#26041;)</string>
			<key>sourceTree</key>
			<string>&lt;group&gt;</string>
		</dict>
		<key>181129D31C7B37D800F50FED</key>
		<dict>
			<key>children</key>
			<array>
				<string>181129BD1C7B365400F50FED</string>
				<string>E5DA3FFB1D76AA5D0071B22E</string>
			</array>
			<key>isa</key>
			<string>PBXGroup</string>
			<key>name</key>
			<string>AppDelegate</string>
			<key>sourceTree</key>
			<string>&lt;group&gt;</string>
		</dict>
		<key>181129D41C7B385900F50FED</key>
		<dict>
			<key>children</key>
			<array>
				<string>181129D71C7B38FC00F50FED</string>
				<string>E555B4AD1D82E62800380C36</string>
			</array>
			<key>isa</key>
			<string>PBXGroup</string>
			<key>name</key>
			<string>Controller</string>
			<key>sourceTree</key>
			<string>&lt;group&gt;</string>
		</dict>
		<key>181129D51C7B385B00F50FED</key>
		<dict>
			<key>children</key>
			<array>
				<string>E5E42D411D783249006C5954</string>
				<string>E555B4AF1D82E7FE00380C36</string>
			</array>
			<key>isa</key>
			<string>PBXGroup</string>
			<key>name</key>
			<string>View</string>
			<key>sourceTree</key>
			<string>&lt;group&gt;</string>
		</dict>
		<key>181129D61C7B385E00F50FED</key>
		<dict>
			<key>children</key>
			<array>
				<string>E5E42D3D1D780930006C5954</string>
				<string>E555B4B51D83DE0B00380C36</string>
			</array>
			<key>isa</key>
			<string>PBXGroup</string>
			<key>name</key>
			<string>Model</string>
			<key>sourceTree</key>
			<string>&lt;group&gt;</string>
		</dict>
		<key>181129D71C7B38FC00F50FED</key>
		<dict>
			<key>fileEncoding</key>
			<string>4</string>
			<key>isa</key>
			<string>PBXFileReference</string>
			<key>lastKnownFileType</key>
			<string>sourcecode.swift</string>
			<key>path</key>
			<string>MakeFaceController.swift</string>
			<key>sourceTree</key>
			<string>&lt;group&gt;</string>
		</dict>
		<key>181129D81C7B38FC00F50FED</key>
		<dict>
			<key>fileRef</key>
			<string>181129D71C7B38FC00F50FED</string>
			<key>isa</key>
			<string>PBXBuildFile</string>
		</dict>
		<key>181129D91C7B390000F50FED</key>
		<dict>
			<key>children</key>
			<array>
				<string>E555B4B91D83EF8100380C36</string>
				<string>181129D61C7B385E00F50FED</string>
				<string>181129D51C7B385B00F50FED</string>
				<string>181129D41C7B385900F50FED</string>
			</array>
			<key>isa</key>
			<string>PBXGroup</string>
			<key>name</key>
			<string>MakeFace</string>
			<key>sourceTree</key>
			<string>&lt;group&gt;</string>
		</dict>
		<key>70AD8F9B0A8E5E6F5CDB303E</key>
		<dict>
			<key>buildActionMask</key>
			<string>2147483647</string>
			<key>files</key>
			<array/>
			<key>inputPaths</key>
			<array/>
			<key>isa</key>
			<string>PBXShellScriptBuildPhase</string>
			<key>name</key>
			<string>[CP] Copy Pods Resources</string>
			<key>outputPaths</key>
			<array/>
			<key>runOnlyForDeploymentPostprocessing</key>
			<string>0</string>
			<key>shellPath</key>
			<string>/bin/sh</string>
			<key>shellScript</key>
			<string>"${SRCROOT}/Pods/Target Support Files/Pods-DearFace/Pods-DearFace-resources.sh"
</string>
			<key>showEnvVarsInLog</key>
			<string>0</string>
		</dict>
		<key>74DF555D7D200DC3434996E5</key>
		<dict>
			<key>children</key>
			<array>
				<string>E526E9E21D87E8910005FB34</string>
				<string>E5DA3FF51D76A3500071B22E</string>
				<string>D6CDFAE77F88EE90FE674F6B</string>
			</array>
			<key>isa</key>
			<string>PBXGroup</string>
			<key>name</key>
			<string>Frameworks</string>
			<key>sourceTree</key>
			<string>&lt;group&gt;</string>
		</dict>
		<key>7A82E2B8B90FE2BCE28C4806</key>
		<dict>
			<key>includeInIndex</key>
			<string>1</string>
			<key>isa</key>
			<string>PBXFileReference</string>
			<key>lastKnownFileType</key>
			<string>text.xcconfig</string>
			<key>name</key>
			<string>Pods-DearFace.release.xcconfig</string>
			<key>path</key>
			<string>Pods/Target Support Files/Pods-DearFace/Pods-DearFace.release.xcconfig</string>
			<key>sourceTree</key>
			<string>&lt;group&gt;</string>
		</dict>
		<key>7CBB559A1C81F04552C11C7E</key>
		<dict>
			<key>children</key>
			<array>
				<string>8C482BD48F6D349F116D0CC6</string>
				<string>7A82E2B8B90FE2BCE28C4806</string>
			</array>
			<key>isa</key>
			<string>PBXGroup</string>
			<key>name</key>
			<string>Pods</string>
			<key>sourceTree</key>
			<string>&lt;group&gt;</string>
		</dict>
		<key>8C482BD48F6D349F116D0CC6</key>
		<dict>
			<key>includeInIndex</key>
			<string>1</string>
			<key>isa</key>
			<string>PBXFileReference</string>
			<key>lastKnownFileType</key>
			<string>text.xcconfig</string>
			<key>name</key>
			<string>Pods-DearFace.debug.xcconfig</string>
			<key>path</key>
			<string>Pods/Target Support Files/Pods-DearFace/Pods-DearFace.debug.xcconfig</string>
			<key>sourceTree</key>
			<string>&lt;group&gt;</string>
		</dict>
		<key>D5C10E7331B6FBA275E05AAC</key>
		<dict>
			<key>fileRef</key>
			<string>D6CDFAE77F88EE90FE674F6B</string>
			<key>isa</key>
			<string>PBXBuildFile</string>
		</dict>
		<key>D6CDFAE77F88EE90FE674F6B</key>
		<dict>
			<key>explicitFileType</key>
			<string>wrapper.framework</string>
			<key>includeInIndex</key>
			<string>0</string>
			<key>isa</key>
			<string>PBXFileReference</string>
			<key>path</key>
			<string>Pods_DearFace.framework</string>
			<key>sourceTree</key>
			<string>BUILT_PRODUCTS_DIR</string>
		</dict>
		<key>E5180C941D81BD41009AB393</key>
		<dict>
			<key>fileEncoding</key>
			<string>4</string>
			<key>isa</key>
			<string>PBXFileReference</string>
			<key>lastKnownFileType</key>
			<string>sourcecode.swift</string>
			<key>path</key>
			<string>CGSize.swift</string>
			<key>sourceTree</key>
			<string>&lt;group&gt;</string>
		</dict>
		<key>E5180C951D81BD41009AB393</key>
		<dict>
			<key>fileRef</key>
			<string>E5180C941D81BD41009AB393</string>
			<key>isa</key>
			<string>PBXBuildFile</string>
		</dict>
		<key>E526E9E21D87E8910005FB34</key>
		<dict>
			<key>isa</key>
			<string>PBXFileReference</string>
			<key>lastKnownFileType</key>
			<string>wrapper.framework</string>
			<key>name</key>
			<string>Pods_DearFace.framework</string>
			<key>path</key>
			<string>Pods/../build/Debug-iphoneos/Pods_DearFace.framework</string>
			<key>sourceTree</key>
			<string>&lt;group&gt;</string>
		</dict>
		<key>E526E9E31D87E8910005FB34</key>
		<dict>
			<key>fileRef</key>
			<string>E526E9E21D87E8910005FB34</string>
			<key>isa</key>
			<string>PBXBuildFile</string>
		</dict>
		<key>E555B4AD1D82E62800380C36</key>
		<dict>
			<key>fileEncoding</key>
			<string>4</string>
			<key>isa</key>
			<string>PBXFileReference</string>
			<key>lastKnownFileType</key>
			<string>sourcecode.swift</string>
			<key>path</key>
			<string>ImageSelectController.swift</string>
			<key>sourceTree</key>
			<string>&lt;group&gt;</string>
		</dict>
		<key>E555B4AE1D82E62800380C36</key>
		<dict>
			<key>fileRef</key>
			<string>E555B4AD1D82E62800380C36</string>
			<key>isa</key>
			<string>PBXBuildFile</string>
		</dict>
		<key>E555B4AF1D82E7FE00380C36</key>
		<dict>
			<key>fileEncoding</key>
			<string>4</string>
			<key>isa</key>
			<string>PBXFileReference</string>
			<key>lastKnownFileType</key>
			<string>sourcecode.swift</string>
			<key>path</key>
			<string>ImageSelectCell.swift</string>
			<key>sourceTree</key>
			<string>&lt;group&gt;</string>
		</dict>
		<key>E555B4B01D82E7FE00380C36</key>
		<dict>
			<key>fileRef</key>
			<string>E555B4AF1D82E7FE00380C36</string>
			<key>isa</key>
			<string>PBXBuildFile</string>
		</dict>
		<key>E555B4B31D82EFEA00380C36</key>
		<dict>
			<key>fileEncoding</key>
			<string>4</string>
			<key>isa</key>
			<string>PBXFileReference</string>
			<key>lastKnownFileType</key>
			<string>sourcecode.swift</string>
			<key>path</key>
			<string>PHFetchResult.swift</string>
			<key>sourceTree</key>
			<string>&lt;group&gt;</string>
		</dict>
		<key>E555B4B41D82EFEA00380C36</key>
		<dict>
			<key>fileRef</key>
			<string>E555B4B31D82EFEA00380C36</string>
			<key>isa</key>
			<string>PBXBuildFile</string>
		</dict>
		<key>E555B4B51D83DE0B00380C36</key>
		<dict>
			<key>fileEncoding</key>
			<string>4</string>
			<key>isa</key>
			<string>PBXFileReference</string>
			<key>lastKnownFileType</key>
			<string>sourcecode.swift</string>
			<key>path</key>
			<string>MakeFaceUIConfig.swift</string>
			<key>sourceTree</key>
			<string>&lt;group&gt;</string>
		</dict>
		<key>E555B4B61D83DE0B00380C36</key>
		<dict>
			<key>fileRef</key>
			<string>E555B4B51D83DE0B00380C36</string>
			<key>isa</key>
			<string>PBXBuildFile</string>
		</dict>
		<key>E555B4B91D83EF8100380C36</key>
		<dict>
			<key>children</key>
			<array>
				<string>E555B4BA1D83EF9700380C36</string>
			</array>
			<key>isa</key>
			<string>PBXGroup</string>
			<key>name</key>
			<string>Layout</string>
			<key>sourceTree</key>
			<string>&lt;group&gt;</string>
		</dict>
		<key>E555B4BA1D83EF9700380C36</key>
		<dict>
			<key>fileEncoding</key>
			<string>4</string>
			<key>isa</key>
			<string>PBXFileReference</string>
			<key>lastKnownFileType</key>
			<string>sourcecode.swift</string>
			<key>path</key>
			<string>MakeFaceLayout.swift</string>
			<key>sourceTree</key>
			<string>&lt;group&gt;</string>
		</dict>
		<key>E555B4BB1D83EF9700380C36</key>
		<dict>
			<key>fileRef</key>
			<string>E555B4BA1D83EF9700380C36</string>
			<key>isa</key>
			<string>PBXBuildFile</string>
		</dict>
		<key>E571B4671D85343400A2AEB1</key>
		<dict>
			<key>fileEncoding</key>
			<string>4</string>
			<key>isa</key>
			<string>PBXFileReference</string>
			<key>lastKnownFileType</key>
			<string>sourcecode.swift</string>
			<key>path</key>
			<string>UIFont.swift</string>
			<key>sourceTree</key>
			<string>&lt;group&gt;</string>
		</dict>
		<key>E571B4681D85343400A2AEB1</key>
		<dict>
			<key>fileRef</key>
			<string>E571B4671D85343400A2AEB1</string>
			<key>isa</key>
			<string>PBXBuildFile</string>
		</dict>
		<key>E571B46A1D8534D600A2AEB1</key>
		<dict>
			<key>fileEncoding</key>
			<string>4</string>
			<key>isa</key>
			<string>PBXFileReference</string>
			<key>lastKnownFileType</key>
			<string>sourcecode.swift</string>
			<key>path</key>
			<string>UIColor.swift</string>
			<key>sourceTree</key>
			<string>&lt;group&gt;</string>
		</dict>
		<key>E571B46B1D8534D600A2AEB1</key>
		<dict>
			<key>fileRef</key>
			<string>E571B46A1D8534D600A2AEB1</string>
			<key>isa</key>
			<string>PBXBuildFile</string>
		</dict>
		<key>E571B46D1D865DF700A2AEB1</key>
		<dict>
			<key>fileEncoding</key>
			<string>4</string>
			<key>isa</key>
			<string>PBXFileReference</string>
			<key>lastKnownFileType</key>
			<string>sourcecode.swift</string>
			<key>path</key>
			<string>ObserverKey.swift</string>
			<key>sourceTree</key>
			<string>&lt;group&gt;</string>
		</dict>
		<key>E571B46E1D865DF700A2AEB1</key>
		<dict>
			<key>fileRef</key>
			<string>E571B46D1D865DF700A2AEB1</string>
			<key>isa</key>
			<string>PBXBuildFile</string>
		</dict>
		<key>E571B46F1D867DD700A2AEB1</key>
		<dict>
			<key>children</key>
			<array>
				<string>E571B46D1D865DF700A2AEB1</string>
				<string>E571B4701D867E0900A2AEB1</string>
			</array>
			<key>isa</key>
			<string>PBXGroup</string>
			<key>name</key>
			<string>Model</string>
			<key>sourceTree</key>
			<string>&lt;group&gt;</string>
		</dict>
		<key>E571B4701D867E0900A2AEB1</key>
		<dict>
			<key>fileEncoding</key>
			<string>4</string>
			<key>isa</key>
			<string>PBXFileReference</string>
			<key>lastKnownFileType</key>
			<string>sourcecode.swift</string>
			<key>path</key>
			<string>ConfigUIConfig.swift</string>
			<key>sourceTree</key>
			<string>&lt;group&gt;</string>
		</dict>
		<key>E571B4711D867E0900A2AEB1</key>
		<dict>
			<key>fileRef</key>
			<string>E571B4701D867E0900A2AEB1</string>
			<key>isa</key>
			<string>PBXBuildFile</string>
		</dict>
		<key>E5DA3FE31D76882D0071B22E</key>
		<dict>
			<key>children</key>
			<array>
				<string>E5DA3FE41D76883B0071B22E</string>
				<string>181129D31C7B37D800F50FED</string>
				<string>E5DA3FE61D7689E60071B22E</string>
			</array>
			<key>isa</key>
			<string>PBXGroup</string>
			<key>name</key>
			<string>AppRoot</string>
			<key>sourceTree</key>
			<string>&lt;group&gt;</string>
		</dict>
		<key>E5DA3FE41D76883B0071B22E</key>
		<dict>
			<key>children</key>
			<array>
				<string>181129C41C7B365400F50FED</string>
				<string>181129C91C7B365400F50FED</string>
			</array>
			<key>isa</key>
			<string>PBXGroup</string>
			<key>name</key>
			<string>Resource</string>
			<key>sourceTree</key>
			<string>&lt;group&gt;</string>
		</dict>
		<key>E5DA3FE61D7689E60071B22E</key>
		<dict>
			<key>children</key>
			<array>
				<string>181129C61C7B365400F50FED</string>
			</array>
			<key>isa</key>
			<string>PBXGroup</string>
			<key>name</key>
			<string>Intro&amp;Launch</string>
			<key>sourceTree</key>
			<string>&lt;group&gt;</string>
		</dict>
		<key>E5DA3FE71D768A8C0071B22E</key>
		<dict>
			<key>children</key>
			<array>
				<string>E5DA3FEB1D768C3D0071B22E</string>
				<string>E5DA3FE91D768BBA0071B22E</string>
			</array>
			<key>isa</key>
			<string>PBXGroup</string>
			<key>name</key>
			<string>Public(&#20844;&#20849;)</string>
			<key>sourceTree</key>
			<string>&lt;group&gt;</string>
		</dict>
		<key>E5DA3FE91D768BBA0071B22E</key>
		<dict>
			<key>children</key>
			<array>
				<string>E571B4671D85343400A2AEB1</string>
				<string>E571B46A1D8534D600A2AEB1</string>
				<string>E5DA3FFE1D76AC490071B22E</string>
				<string>E5E42D3F1D780CA7006C5954</string>
				<string>E5180C941D81BD41009AB393</string>
				<string>E555B4B31D82EFEA00380C36</string>
			</array>
			<key>isa</key>
			<string>PBXGroup</string>
			<key>name</key>
			<string>Expand</string>
			<key>sourceTree</key>
			<string>&lt;group&gt;</string>
		</dict>
		<key>E5DA3FEB1D768C3D0071B22E</key>
		<dict>
			<key>children</key>
			<array>
				<string>E5DA3FEC1D768C560071B22E</string>
				<string>E5E42D431D783577006C5954</string>
				<string>E5E42D4A1D78471C006C5954</string>
			</array>
			<key>isa</key>
			<string>PBXGroup</string>
			<key>name</key>
			<string>Common</string>
			<key>sourceTree</key>
			<string>&lt;group&gt;</string>
		</dict>
		<key>E5DA3FEC1D768C560071B22E</key>
		<dict>
			<key>fileEncoding</key>
			<string>4</string>
			<key>isa</key>
			<string>PBXFileReference</string>
			<key>lastKnownFileType</key>
			<string>sourcecode.swift</string>
			<key>path</key>
			<string>Const.swift</string>
			<key>sourceTree</key>
			<string>&lt;group&gt;</string>
		</dict>
		<key>E5DA3FED1D768C560071B22E</key>
		<dict>
			<key>fileRef</key>
			<string>E5DA3FEC1D768C560071B22E</string>
			<key>isa</key>
			<string>PBXBuildFile</string>
		</dict>
		<key>E5DA3FF51D76A3500071B22E</key>
		<dict>
			<key>isa</key>
			<string>PBXFileReference</string>
			<key>lastKnownFileType</key>
			<string>wrapper.framework</string>
			<key>name</key>
			<string>Photos.framework</string>
			<key>path</key>
			<string>System/Library/Frameworks/Photos.framework</string>
			<key>sourceTree</key>
			<string>SDKROOT</string>
		</dict>
		<key>E5DA3FF61D76A3500071B22E</key>
		<dict>
			<key>fileRef</key>
			<string>E5DA3FF51D76A3500071B22E</string>
			<key>isa</key>
			<string>PBXBuildFile</string>
		</dict>
		<key>E5DA3FF71D76A6890071B22E</key>
		<dict>
			<key>children</key>
			<array>
				<string>E5DA3FF81D76A6900071B22E</string>
			</array>
			<key>isa</key>
			<string>PBXGroup</string>
			<key>name</key>
			<string>Image</string>
			<key>sourceTree</key>
			<string>&lt;group&gt;</string>
		</dict>
		<key>E5DA3FF81D76A6900071B22E</key>
		<dict>
			<key>children</key>
			<array>
				<string>E5DA3FF91D76A6A00071B22E</string>
			</array>
			<key>isa</key>
			<string>PBXGroup</string>
			<key>name</key>
			<string>Controller</string>
			<key>sourceTree</key>
			<string>&lt;group&gt;</string>
		</dict>
		<key>E5DA3FF91D76A6A00071B22E</key>
		<dict>
			<key>fileEncoding</key>
			<string>4</string>
			<key>isa</key>
			<string>PBXFileReference</string>
			<key>lastKnownFileType</key>
			<string>sourcecode.swift</string>
			<key>path</key>
			<string>ImagePickerController.swift</string>
			<key>sourceTree</key>
			<string>&lt;group&gt;</string>
		</dict>
		<key>E5DA3FFA1D76A6A00071B22E</key>
		<dict>
			<key>fileRef</key>
			<string>E5DA3FF91D76A6A00071B22E</string>
			<key>isa</key>
			<string>PBXBuildFile</string>
		</dict>
		<key>E5DA3FFB1D76AA5D0071B22E</key>
		<dict>
			<key>fileEncoding</key>
			<string>4</string>
			<key>isa</key>
			<string>PBXFileReference</string>
			<key>lastKnownFileType</key>
			<string>sourcecode.swift</string>
			<key>path</key>
			<string>AppDelegateExtension.swift</string>
			<key>sourceTree</key>
			<string>&lt;group&gt;</string>
		</dict>
		<key>E5DA3FFC1D76AA5D0071B22E</key>
		<dict>
			<key>fileRef</key>
			<string>E5DA3FFB1D76AA5D0071B22E</string>
			<key>isa</key>
			<string>PBXBuildFile</string>
		</dict>
		<key>E5DA3FFE1D76AC490071B22E</key>
		<dict>
			<key>fileEncoding</key>
			<string>4</string>
			<key>isa</key>
			<string>PBXFileReference</string>
			<key>lastKnownFileType</key>
			<string>sourcecode.swift</string>
			<key>path</key>
			<string>UIImage.swift</string>
			<key>sourceTree</key>
			<string>&lt;group&gt;</string>
		</dict>
		<key>E5DA3FFF1D76AC490071B22E</key>
		<dict>
			<key>fileRef</key>
			<string>E5DA3FFE1D76AC490071B22E</string>
			<key>isa</key>
			<string>PBXBuildFile</string>
		</dict>
		<key>E5E42D3D1D780930006C5954</key>
		<dict>
			<key>fileEncoding</key>
			<string>4</string>
			<key>isa</key>
			<string>PBXFileReference</string>
			<key>lastKnownFileType</key>
			<string>sourcecode.swift</string>
			<key>path</key>
			<string>MakeFaceModel.swift</string>
			<key>sourceTree</key>
			<string>&lt;group&gt;</string>
		</dict>
		<key>E5E42D3E1D780930006C5954</key>
		<dict>
			<key>fileRef</key>
			<string>E5E42D3D1D780930006C5954</string>
			<key>isa</key>
			<string>PBXBuildFile</string>
		</dict>
		<key>E5E42D3F1D780CA7006C5954</key>
		<dict>
			<key>fileEncoding</key>
			<string>4</string>
			<key>isa</key>
			<string>PBXFileReference</string>
			<key>lastKnownFileType</key>
			<string>sourcecode.swift</string>
			<key>path</key>
			<string>CGFloat.swift</string>
			<key>sourceTree</key>
			<string>&lt;group&gt;</string>
		</dict>
		<key>E5E42D401D780CA7006C5954</key>
		<dict>
			<key>fileRef</key>
			<string>E5E42D3F1D780CA7006C5954</string>
			<key>isa</key>
			<string>PBXBuildFile</string>
		</dict>
		<key>E5E42D411D783249006C5954</key>
		<dict>
			<key>fileEncoding</key>
			<string>4</string>
			<key>isa</key>
			<string>PBXFileReference</string>
			<key>lastKnownFileType</key>
			<string>sourcecode.swift</string>
			<key>path</key>
			<string>MakeFaceCell.swift</string>
			<key>sourceTree</key>
			<string>&lt;group&gt;</string>
		</dict>
		<key>E5E42D421D783249006C5954</key>
		<dict>
			<key>fileRef</key>
			<string>E5E42D411D783249006C5954</string>
			<key>isa</key>
			<string>PBXBuildFile</string>
		</dict>
		<key>E5E42D431D783577006C5954</key>
		<dict>
			<key>fileEncoding</key>
			<string>4</string>
			<key>isa</key>
			<string>PBXFileReference</string>
			<key>lastKnownFileType</key>
			<string>sourcecode.swift</string>
			<key>path</key>
			<string>Observable.swift</string>
			<key>sourceTree</key>
			<string>&lt;group&gt;</string>
		</dict>
		<key>E5E42D441D783577006C5954</key>
		<dict>
			<key>fileRef</key>
			<string>E5E42D431D783577006C5954</string>
			<key>isa</key>
			<string>PBXBuildFile</string>
		</dict>
		<key>E5E42D451D7845E3006C5954</key>
		<dict>
			<key>children</key>
			<array>
				<string>E571B46F1D867DD700A2AEB1</string>
				<string>E5E42D461D7845EE006C5954</string>
			</array>
			<key>isa</key>
			<string>PBXGroup</string>
			<key>name</key>
			<string>Config</string>
			<key>sourceTree</key>
			<string>&lt;group&gt;</string>
		</dict>
		<key>E5E42D461D7845EE006C5954</key>
		<dict>
			<key>children</key>
			<array>
				<string>E5E42D471D7845FB006C5954</string>
			</array>
			<key>isa</key>
			<string>PBXGroup</string>
			<key>name</key>
			<string>Controller</string>
			<key>sourceTree</key>
			<string>&lt;group&gt;</string>
		</dict>
		<key>E5E42D471D7845FB006C5954</key>
		<dict>
			<key>fileEncoding</key>
			<string>4</string>
			<key>isa</key>
			<string>PBXFileReference</string>
			<key>lastKnownFileType</key>
			<string>sourcecode.swift</string>
			<key>path</key>
			<string>ConfigController.swift</string>
			<key>sourceTree</key>
			<string>&lt;group&gt;</string>
		</dict>
		<key>E5E42D481D7845FB006C5954</key>
		<dict>
			<key>fileRef</key>
			<string>E5E42D471D7845FB006C5954</string>
			<key>isa</key>
			<string>PBXBuildFile</string>
		</dict>
		<key>E5E42D4A1D78471C006C5954</key>
		<dict>
			<key>fileEncoding</key>
			<string>4</string>
			<key>isa</key>
			<string>PBXFileReference</string>
			<key>lastKnownFileType</key>
			<string>sourcecode.swift</string>
			<key>path</key>
			<string>GCD.swift</string>
			<key>sourceTree</key>
			<string>&lt;group&gt;</string>
		</dict>
		<key>E5E42D4B1D78471C006C5954</key>
		<dict>
			<key>fileRef</key>
			<string>E5E42D4A1D78471C006C5954</string>
			<key>isa</key>
			<string>PBXBuildFile</string>
		</dict>
		<key>F5237C7A3DFB6677FBD8FECB</key>
		<dict>
			<key>buildActionMask</key>
			<string>2147483647</string>
			<key>files</key>
			<array/>
			<key>inputPaths</key>
			<array/>
			<key>isa</key>
			<string>PBXShellScriptBuildPhase</string>
			<key>name</key>
			<string>[CP] Check Pods Manifest.lock</string>
			<key>outputPaths</key>
			<array/>
			<key>runOnlyForDeploymentPostprocessing</key>
			<string>0</string>
			<key>shellPath</key>
			<string>/bin/sh</string>
			<key>shellScript</key>
			<string>diff "${PODS_ROOT}/../Podfile.lock" "${PODS_ROOT}/Manifest.lock" &gt; /dev/null
if [[ $? != 0 ]] ; then
    cat &lt;&lt; EOM
error: The sandbox is not in sync with the Podfile.lock. Run 'pod install' or update your CocoaPods installation.
EOM
    exit 1
fi
</string>
			<key>showEnvVarsInLog</key>
			<string>0</string>
		</dict>
	</dict>
	<key>rootObject</key>
	<string>181129B21C7B365400F50FED</string>
</dict>
</plist>
