PODS:
  - SnapKit (3.0.1)
  - SwiftIconFont (2.6.0)

DEPENDENCIES:
  - SnapKit (~> 3.0)
  - SwiftIconFont

SPEC CHECKSUMS:
  SnapKit: f818b8326d45b4e1c777d0ab27b5c0a3624bfdeb
  SwiftIconFont: bbe1f32e1e16bac87dad8566afc80132cb8d072c

PODFILE CHECKSUM: 81de681ed77dd7ccdc98ae9ac99fb1f91004964d

COCOAPODS: 1.0.1
